<?xml version="1.0" encoding="utf-8"?>
<Project ToolsVersion="4.0" xmlns="http://schemas.microsoft.com/developer/msbuild/2003">
  <ItemGroup>
    <Filter Include="Source Files">
      <UniqueIdentifier>{4FC737F1-C7A5-4376-A066-2A32D752A2FF}</UniqueIdentifier>
      <Extensions>cpp;c;cc;cxx;c++;cppm;ixx;def;odl;idl;hpj;bat;asm;asmx</Extensions>
    </Filter>
    <Filter Include="Header Files">
      <UniqueIdentifier>{93995380-89BD-4b04-88EB-625FBE52EBFB}</UniqueIdentifier>
      <Extensions>h;hh;hpp;hxx;h++;hm;inl;inc;ipp;xsd</Extensions>
    </Filter>
    <Filter Include="Resource Files">
      <UniqueIdentifier>{67DA6AB6-F800-4c08-8B7A-83BB121AAD01}</UniqueIdentifier>
      <Extensions>rc;ico;cur;bmp;dlg;rc2;rct;bin;rgs;gif;jpg;jpeg;jpe;resx;tiff;tif;png;wav;mfcribbon-ms</Extensions>
    </Filter>
    <Filter Include="Source Files\lib">
      <UniqueIdentifier>{e912c553-b9f7-4e2e-ae35-d0c4a02f15ac}</UniqueIdentifier>
    </Filter>
    <Filter Include="Source Files\lib\invoker">
      <UniqueIdentifier>{cfa14387-855a-4841-a5c8-51a516fe7150}</UniqueIdentifier>
    </Filter>
    <Filter Include="Source Files\lib\invoker_syscalls">
      <UniqueIdentifier>{ede85ff4-3f33-44ee-8e43-698502cf014c}</UniqueIdentifier>
    </Filter>
  </ItemGroup>
  <ItemGroup>
    <ClCompile Include="main.cpp">
      <Filter>Source Files</Filter>
    </ClCompile>
    <ClCompile Include="lib\invoker\invoker.cpp">
      <Filter>Source Files\lib\invoker</Filter>
    </ClCompile>
    <ClCompile Include="lib\invoker_syscalls\invoker_syscalls.cpp">
      <Filter>Source Files\lib\invoker_syscalls</Filter>
    </ClCompile>
    <ClCompile Include="invoker_interactive.cpp">
      <Filter>Source Files</Filter>
    </ClCompile>
    <ClCompile Include="lib\invoker_syscalls\syscalls.c">
      <Filter>Source Files\lib\invoker_syscalls</Filter>
    </ClCompile>
  </ItemGroup>
  <ItemGroup>
    <ClInclude Include="lib\invoker\invoker.h">
      <Filter>Source Files\lib\invoker</Filter>
    </ClInclude>
    <ClInclude Include="lib\invoker_syscalls\invoker_syscalls.h">
      <Filter>Source Files\lib\invoker_syscalls</Filter>
    </ClInclude>
    <ClInclude Include="invoker_interactive.h">
      <Filter>Source Files</Filter>
    </ClInclude>
    <ClInclude Include="lib\invoker_syscalls\syscalls.h">
      <Filter>Source Files\lib\invoker_syscalls</Filter>
    </ClInclude>
  </ItemGroup>
  <ItemGroup>
    <MASM Include="lib\invoker_syscalls\syscallsstubs.x64.asm">
      <Filter>Source Files\lib\invoker_syscalls</Filter>
    </MASM>
    <MASM Include="lib\invoker_syscalls\syscallsstubs.x86.asm">
      <Filter>Source Files\lib\invoker_syscalls</Filter>
    </MASM>
  </ItemGroup>
</Project>